
Microsoft Visual Studio Solution File, Format Version 12.00
# Visual Studio Version 16
VisualStudioVersion = 16.0.30413.136
MinimumVisualStudioVersion = 10.0.40219.1
Project("{9A19103F-16F7-4668-BE54-9A1E7A4F7556}") = "PracticeHackerRank", "PracticeHackerRank\PracticeHackerRank.csproj", "{708355D9-B4C4-4A58-9C33-CEE888E0932E}"
EndProject
Project("{9A19103F-16F7-4668-BE54-9A1E7A4F7556}") = "DesignPattern", "DesignPattern\DesignPattern.csproj", "{BF9EB204-8ABE-41A4-A186-4C15C80B8D8D}"
EndProject
Project("{9A19103F-16F7-4668-BE54-9A1E7A4F7556}") = "DatabasePractice", "DatabasePractice\DatabasePractice.csproj", "{DD4DFB6D-0D2E-4D01-96B9-88CDE79D7F59}"
EndProject
Project("{FAE04EC0-301F-11D3-BF4B-00C04F79EFBC}") = "TestApi", "TestApi\TestApi.csproj", "{C39E48A7-35A1-43B9-A36F-C272FB8CDFB5}"
EndProject
Global
	GlobalSection(SolutionConfigurationPlatforms) = preSolution
		Debug|Any CPU = Debug|Any CPU
		Release|Any CPU = Release|Any CPU
	EndGlobalSection
	GlobalSection(ProjectConfigurationPlatforms) = postSolution
		{708355D9-B4C4-4A58-9C33-CEE888E0932E}.Debug|Any CPU.ActiveCfg = Debug|Any CPU
		{708355D9-B4C4-4A58-9C33-CEE888E0932E}.Debug|Any CPU.Build.0 = Debug|Any CPU
		{708355D9-B4C4-4A58-9C33-CEE888E0932E}.Release|Any CPU.ActiveCfg = Release|Any CPU
		{708355D9-B4C4-4A58-9C33-CEE888E0932E}.Release|Any CPU.Build.0 = Release|Any CPU
		{BF9EB204-8ABE-41A4-A186-4C15C80B8D8D}.Debug|Any CPU.ActiveCfg = Debug|Any CPU
		{BF9EB204-8ABE-41A4-A186-4C15C80B8D8D}.Debug|Any CPU.Build.0 = Debug|Any CPU
		{BF9EB204-8ABE-41A4-A186-4C15C80B8D8D}.Release|Any CPU.ActiveCfg = Release|Any CPU
		{BF9EB204-8ABE-41A4-A186-4C15C80B8D8D}.Release|Any CPU.Build.0 = Release|Any CPU
		{DD4DFB6D-0D2E-4D01-96B9-88CDE79D7F59}.Debug|Any CPU.ActiveCfg = Debug|Any CPU
		{DD4DFB6D-0D2E-4D01-96B9-88CDE79D7F59}.Debug|Any CPU.Build.0 = Debug|Any CPU
		{DD4DFB6D-0D2E-4D01-96B9-88CDE79D7F59}.Release|Any CPU.ActiveCfg = Release|Any CPU
		{DD4DFB6D-0D2E-4D01-96B9-88CDE79D7F59}.Release|Any CPU.Build.0 = Release|Any CPU
		{C39E48A7-35A1-43B9-A36F-C272FB8CDFB5}.Debug|Any CPU.ActiveCfg = Debug|Any CPU
		{C39E48A7-35A1-43B9-A36F-C272FB8CDFB5}.Debug|Any CPU.Build.0 = Debug|Any CPU
		{C39E48A7-35A1-43B9-A36F-C272FB8CDFB5}.Release|Any CPU.ActiveCfg = Release|Any CPU
		{C39E48A7-35A1-43B9-A36F-C272FB8CDFB5}.Release|Any CPU.Build.0 = Release|Any CPU
	EndGlobalSection
	GlobalSection(SolutionProperties) = preSolution
		HideSolutionNode = FALSE
	EndGlobalSection
	GlobalSection(ExtensibilityGlobals) = postSolution
		SolutionGuid = {E04D87BC-9F3D-4866-9E14-ED37350D48D1}
	EndGlobalSection
EndGlobal
